
Microsoft Visual Studio Solution File, Format Version 12.00
# Visual Studio Version 16
VisualStudioVersion = 16.0.31402.337
MinimumVisualStudioVersion = 10.0.40219.1
Project("{FAE04EC0-301F-11D3-BF4B-00C04F79EFBC}") = "0615_CLASS_NOTES", "0615_CLASS_NOTES\0615_CLASS_NOTES.csproj", "{5F673D97-CDBF-4A2A-9FEE-A4227237EEF0}"
EndProject
Project("{FAE04EC0-301F-11D3-BF4B-00C04F79EFBC}") = "0615_Class_Interfaces", "0615_Class_Interfaces\0615_Class_Interfaces.csproj", "{0AAB3CED-144F-4738-BADD-E21201FDD119}"
EndProject
Project("{FAE04EC0-301F-11D3-BF4B-00C04F79EFBC}") = "KomodoInsurance", "KomodoInsurance\KomodoInsurance.csproj", "{6F9CEBD1-1CCD-4903-A23B-0E6D6A4AAAFE}"
EndProject
Global
	GlobalSection(SolutionConfigurationPlatforms) = preSolution
		Debug|Any CPU = Debug|Any CPU
		Release|Any CPU = Release|Any CPU
	EndGlobalSection
	GlobalSection(ProjectConfigurationPlatforms) = postSolution
		{5F673D97-CDBF-4A2A-9FEE-A4227237EEF0}.Debug|Any CPU.ActiveCfg = Debug|Any CPU
		{5F673D97-CDBF-4A2A-9FEE-A4227237EEF0}.Debug|Any CPU.Build.0 = Debug|Any CPU
		{5F673D97-CDBF-4A2A-9FEE-A4227237EEF0}.Release|Any CPU.ActiveCfg = Release|Any CPU
		{5F673D97-CDBF-4A2A-9FEE-A4227237EEF0}.Release|Any CPU.Build.0 = Release|Any CPU
		{0AAB3CED-144F-4738-BADD-E21201FDD119}.Debug|Any CPU.ActiveCfg = Debug|Any CPU
		{0AAB3CED-144F-4738-BADD-E21201FDD119}.Debug|Any CPU.Build.0 = Debug|Any CPU
		{0AAB3CED-144F-4738-BADD-E21201FDD119}.Release|Any CPU.ActiveCfg = Release|Any CPU
		{0AAB3CED-144F-4738-BADD-E21201FDD119}.Release|Any CPU.Build.0 = Release|Any CPU
		{6F9CEBD1-1CCD-4903-A23B-0E6D6A4AAAFE}.Debug|Any CPU.ActiveCfg = Debug|Any CPU
		{6F9CEBD1-1CCD-4903-A23B-0E6D6A4AAAFE}.Debug|Any CPU.Build.0 = Debug|Any CPU
		{6F9CEBD1-1CCD-4903-A23B-0E6D6A4AAAFE}.Release|Any CPU.ActiveCfg = Release|Any CPU
		{6F9CEBD1-1CCD-4903-A23B-0E6D6A4AAAFE}.Release|Any CPU.Build.0 = Release|Any CPU
	EndGlobalSection
	GlobalSection(SolutionProperties) = preSolution
		HideSolutionNode = FALSE
	EndGlobalSection
	GlobalSection(ExtensibilityGlobals) = postSolution
		SolutionGuid = {B8390EEA-6903-4583-B6E8-1B0BDE6C125F}
	EndGlobalSection
EndGlobal
